
Microsoft Visual Studio Solution File, Format Version 12.00
# Visual Studio Version 16
VisualStudioVersion = 16.0.30204.135
MinimumVisualStudioVersion = 10.0.40219.1
Project("{FAE04EC0-301F-11D3-BF4B-00C04F79EFBC}") = "ObjectOverrides", "ObjectOverrides\ObjectOverrides.csproj", "{8F52C169-8162-4FA7-9D4A-E99C94BDAB1A}"
EndProject
Global
	GlobalSection(SolutionConfigurationPlatforms) = preSolution
		Debug|Any CPU = Debug|Any CPU
		Release|Any CPU = Release|Any CPU
	EndGlobalSection
	GlobalSection(ProjectConfigurationPlatforms) = postSolution
		{8F52C169-8162-4FA7-9D4A-E99C94BDAB1A}.Debug|Any CPU.ActiveCfg = Debug|Any CPU
		{8F52C169-8162-4FA7-9D4A-E99C94BDAB1A}.Debug|Any CPU.Build.0 = Debug|Any CPU
		{8F52C169-8162-4FA7-9D4A-E99C94BDAB1A}.Release|Any CPU.ActiveCfg = Release|Any CPU
		{8F52C169-8162-4FA7-9D4A-E99C94BDAB1A}.Release|Any CPU.Build.0 = Release|Any CPU
	EndGlobalSection
	GlobalSection(SolutionProperties) = preSolution
		HideSolutionNode = FALSE
	EndGlobalSection
	GlobalSection(ExtensibilityGlobals) = postSolution
		SolutionGuid = {1824D349-740C-4E7F-918C-A808242C5216}
	EndGlobalSection
EndGlobal
