
Microsoft Visual Studio Solution File, Format Version 12.00
# Visual Studio Version 16
VisualStudioVersion = 16.0.30114.105
MinimumVisualStudioVersion = 10.0.40219.1
Project("{FAE04EC0-301F-11D3-BF4B-00C04F79EFBC}") = "BasicConsoleIO", "BasicConsoleIO\BasicConsoleIO.csproj", "{67A11A04-A667-4AC3-85EB-F4599A925621}"
EndProject
Global
	GlobalSection(SolutionConfigurationPlatforms) = preSolution
		Debug|Any CPU = Debug|Any CPU
		Release|Any CPU = Release|Any CPU
	EndGlobalSection
	GlobalSection(ProjectConfigurationPlatforms) = postSolution
		{67A11A04-A667-4AC3-85EB-F4599A925621}.Debug|Any CPU.ActiveCfg = Debug|Any CPU
		{67A11A04-A667-4AC3-85EB-F4599A925621}.Debug|Any CPU.Build.0 = Debug|Any CPU
		{67A11A04-A667-4AC3-85EB-F4599A925621}.Release|Any CPU.ActiveCfg = Release|Any CPU
		{67A11A04-A667-4AC3-85EB-F4599A925621}.Release|Any CPU.Build.0 = Release|Any CPU
	EndGlobalSection
	GlobalSection(SolutionProperties) = preSolution
		HideSolutionNode = FALSE
	EndGlobalSection
	GlobalSection(ExtensibilityGlobals) = postSolution
		SolutionGuid = {A61508D6-BAF3-417C-B612-B8679717F7FB}
	EndGlobalSection
EndGlobal
