
Microsoft Visual Studio Solution File, Format Version 12.00
# Visual Studio Version 16
VisualStudioVersion = 16.0.30204.135
MinimumVisualStudioVersion = 10.0.40219.1
Project("{FAE04EC0-301F-11D3-BF4B-00C04F79EFBC}") = "ConstData", "ConstData\ConstData.csproj", "{4BA0738B-9501-4CFD-B2FA-734445397AFF}"
EndProject
Global
	GlobalSection(SolutionConfigurationPlatforms) = preSolution
		Debug|Any CPU = Debug|Any CPU
		Release|Any CPU = Release|Any CPU
	EndGlobalSection
	GlobalSection(ProjectConfigurationPlatforms) = postSolution
		{4BA0738B-9501-4CFD-B2FA-734445397AFF}.Debug|Any CPU.ActiveCfg = Debug|Any CPU
		{4BA0738B-9501-4CFD-B2FA-734445397AFF}.Debug|Any CPU.Build.0 = Debug|Any CPU
		{4BA0738B-9501-4CFD-B2FA-734445397AFF}.Release|Any CPU.ActiveCfg = Release|Any CPU
		{4BA0738B-9501-4CFD-B2FA-734445397AFF}.Release|Any CPU.Build.0 = Release|Any CPU
	EndGlobalSection
	GlobalSection(SolutionProperties) = preSolution
		HideSolutionNode = FALSE
	EndGlobalSection
	GlobalSection(ExtensibilityGlobals) = postSolution
		SolutionGuid = {4BB06C61-8A7C-43E3-A979-6B0FF1DAEA28}
	EndGlobalSection
EndGlobal
